
Microsoft Visual Studio Solution File, Format Version 12.00
# Visual Studio Version 17
VisualStudioVersion = 17.5.002.0
MinimumVisualStudioVersion = 10.0.40219.1
Project("{9A19103F-16F7-4668-BE54-9A1E7A4F7556}") = "LibraryApp", "LibraryApp.csproj", "{522086A8-A7E2-4423-B439-68C8283C4CE0}"
EndProject
Global
	GlobalSection(SolutionConfigurationPlatforms) = preSolution
		Debug|Any CPU = Debug|Any CPU
		Release|Any CPU = Release|Any CPU
	EndGlobalSection
	GlobalSection(ProjectConfigurationPlatforms) = postSolution
		{522086A8-A7E2-4423-B439-68C8283C4CE0}.Debug|Any CPU.ActiveCfg = Debug|Any CPU
		{522086A8-A7E2-4423-B439-68C8283C4CE0}.Debug|Any CPU.Build.0 = Debug|Any CPU
		{522086A8-A7E2-4423-B439-68C8283C4CE0}.Release|Any CPU.ActiveCfg = Release|Any CPU
		{522086A8-A7E2-4423-B439-68C8283C4CE0}.Release|Any CPU.Build.0 = Release|Any CPU
	EndGlobalSection
	GlobalSection(SolutionProperties) = preSolution
		HideSolutionNode = FALSE
	EndGlobalSection
	GlobalSection(ExtensibilityGlobals) = postSolution
		SolutionGuid = {85333F61-7417-46B5-A520-F3835EA48B75}
	EndGlobalSection
EndGlobal
